
Microsoft Visual Studio Solution File, Format Version 12.00
# Visual Studio Version 17
VisualStudioVersion = 17.7.34009.444
MinimumVisualStudioVersion = 10.0.40219.1
Project("{9A19103F-16F7-4668-BE54-9A1E7A4F7556}") = "Tarea3BDI", "Tarea3BDI\Tarea3BDI.csproj", "{E95CB055-BDA0-45C0-BFA5-A3A271E9E626}"
EndProject
Project("{2150E333-8FDC-42A3-9474-1A3956D46DE8}") = "Solution Items", "Solution Items", "{B167D172-553E-403E-9D76-55A2F49BED90}"
	ProjectSection(SolutionItems) = preProject
		.editorconfig = .editorconfig
	EndProjectSection
EndProject
Global
	GlobalSection(SolutionConfigurationPlatforms) = preSolution
		Debug|Any CPU = Debug|Any CPU
		Release|Any CPU = Release|Any CPU
	EndGlobalSection
	GlobalSection(ProjectConfigurationPlatforms) = postSolution
		{E95CB055-BDA0-45C0-BFA5-A3A271E9E626}.Debug|Any CPU.ActiveCfg = Debug|Any CPU
		{E95CB055-BDA0-45C0-BFA5-A3A271E9E626}.Debug|Any CPU.Build.0 = Debug|Any CPU
		{E95CB055-BDA0-45C0-BFA5-A3A271E9E626}.Release|Any CPU.ActiveCfg = Release|Any CPU
		{E95CB055-BDA0-45C0-BFA5-A3A271E9E626}.Release|Any CPU.Build.0 = Release|Any CPU
	EndGlobalSection
	GlobalSection(SolutionProperties) = preSolution
		HideSolutionNode = FALSE
	EndGlobalSection
	GlobalSection(ExtensibilityGlobals) = postSolution
		SolutionGuid = {01D4A406-36DF-4BEB-AE52-7F62A58E9B42}
	EndGlobalSection
EndGlobal
